// !$*UTF8*$!
{
	archiveVersion = 1;
	classes = {
	};
	objectVersion = 46;
	objects = {

/* Begin PBXBuildFile section */
		4EE1A4B289A0EE0509B3A2E8 /* Pods_CP6_Instagram_Parse_.framework in Frameworks */ = {isa = PBXBuildFile; fileRef = CC9A7658F9094683A228362A /* Pods_CP6_Instagram_Parse_.framework */; };
		A05E240A1C7B969B0079B4B8 /* AppDelegate.swift in Sources */ = {isa = PBXBuildFile; fileRef = A05E24091C7B969B0079B4B8 /* AppDelegate.swift */; };
		A05E240F1C7B969B0079B4B8 /* Main.storyboard in Resources */ = {isa = PBXBuildFile; fileRef = A05E240D1C7B969B0079B4B8 /* Main.storyboard */; };
		A05E24111C7B969B0079B4B8 /* Assets.xcassets in Resources */ = {isa = PBXBuildFile; fileRef = A05E24101C7B969B0079B4B8 /* Assets.xcassets */; };
		A05E24141C7B969B0079B4B8 /* LaunchScreen.storyboard in Resources */ = {isa = PBXBuildFile; fileRef = A05E24121C7B969B0079B4B8 /* LaunchScreen.storyboard */; };
		A08CBC901C7BA11D0058F57A /* LoginViewController.swift in Sources */ = {isa = PBXBuildFile; fileRef = A08CBC8F1C7BA11D0058F57A /* LoginViewController.swift */; };
		A0919EA21C7EC08400796EFC /* HomeViewController.swift in Sources */ = {isa = PBXBuildFile; fileRef = A0919EA11C7EC08400796EFC /* HomeViewController.swift */; };
		A0919EA61C7EC66C00796EFC /* ImagePickerViewController.swift in Sources */ = {isa = PBXBuildFile; fileRef = A0919EA51C7EC66C00796EFC /* ImagePickerViewController.swift */; };
/* End PBXBuildFile section */

/* Begin PBXFileReference section */
		A05E24061C7B969B0079B4B8 /* CP6-Instagram(Parse).app */ = {isa = PBXFileReference; explicitFileType = wrapper.application; includeInIndex = 0; path = "CP6-Instagram(Parse).app"; sourceTree = BUILT_PRODUCTS_DIR; };
		A05E24091C7B969B0079B4B8 /* AppDelegate.swift */ = {isa = PBXFileReference; lastKnownFileType = sourcecode.swift; path = AppDelegate.swift; sourceTree = "<group>"; };
		A05E240E1C7B969B0079B4B8 /* Base */ = {isa = PBXFileReference; lastKnownFileType = file.storyboard; name = Base; path = Base.lproj/Main.storyboard; sourceTree = "<group>"; };
		A05E24101C7B969B0079B4B8 /* Assets.xcassets */ = {isa = PBXFileReference; lastKnownFileType = folder.assetcatalog; path = Assets.xcassets; sourceTree = "<group>"; };
		A05E24131C7B969B0079B4B8 /* Base */ = {isa = PBXFileReference; lastKnownFileType = file.storyboard; name = Base; path = Base.lproj/LaunchScreen.storyboard; sourceTree = "<group>"; };
		A05E24151C7B969B0079B4B8 /* Info.plist */ = {isa = PBXFileReference; lastKnownFileType = text.plist.xml; path = Info.plist; sourceTree = "<group>"; };
		A08CBC8F1C7BA11D0058F57A /* LoginViewController.swift */ = {isa = PBXFileReference; fileEncoding = 4; lastKnownFileType = sourcecode.swift; path = LoginViewController.swift; sourceTree = "<group>"; };
		A0919EA11C7EC08400796EFC /* HomeViewController.swift */ = {isa = PBXFileReference; fileEncoding = 4; lastKnownFileType = sourcecode.swift; path = HomeViewController.swift; sourceTree = "<group>"; };
		A0919EA51C7EC66C00796EFC /* ImagePickerViewController.swift */ = {isa = PBXFileReference; fileEncoding = 4; lastKnownFileType = sourcecode.swift; path = ImagePickerViewController.swift; sourceTree = "<group>"; };
		C09B54CB52E3FD60BC85AB48 /* Pods-CP6-Instagram(Parse).debug.xcconfig */ = {isa = PBXFileReference; includeInIndex = 1; lastKnownFileType = text.xcconfig; name = "Pods-CP6-Instagram(Parse).debug.xcconfig"; path = "Pods/Target Support Files/Pods-CP6-Instagram(Parse)/Pods-CP6-Instagram(Parse).debug.xcconfig"; sourceTree = "<group>"; };
		CC9A7658F9094683A228362A /* Pods_CP6_Instagram_Parse_.framework */ = {isa = PBXFileReference; explicitFileType = wrapper.framework; includeInIndex = 0; path = Pods_CP6_Instagram_Parse_.framework; sourceTree = BUILT_PRODUCTS_DIR; };
		F31DE5E21645646E02E1C9FE /* Pods-CP6-Instagram(Parse).release.xcconfig */ = {isa = PBXFileReference; includeInIndex = 1; lastKnownFileType = text.xcconfig; name = "Pods-CP6-Instagram(Parse).release.xcconfig"; path = "Pods/Target Support Files/Pods-CP6-Instagram(Parse)/Pods-CP6-Instagram(Parse).release.xcconfig"; sourceTree = "<group>"; };
/* End PBXFileReference section */

/* Begin PBXFrameworksBuildPhase section */
		A05E24031C7B969B0079B4B8 /* Frameworks */ = {
			isa = PBXFrameworksBuildPhase;
			buildActionMask = 2147483647;
			files = (
				4EE1A4B289A0EE0509B3A2E8 /* Pods_CP6_Instagram_Parse_.framework in Frameworks */,
			);
			runOnlyForDeploymentPostprocessing = 0;
		};
/* End PBXFrameworksBuildPhase section */

/* Begin PBXGroup section */
		17A0716DE4BB9D9F562FDA56 /* Frameworks */ = {
			isa = PBXGroup;
			children = (
				CC9A7658F9094683A228362A /* Pods_CP6_Instagram_Parse_.framework */,
			);
			name = Frameworks;
			sourceTree = "<group>";
		};
		A05E23FD1C7B969B0079B4B8 = {
			isa = PBXGroup;
			children = (
				A05E24081C7B969B0079B4B8 /* CP6-Instagram(Parse) */,
				A05E24071C7B969B0079B4B8 /* Products */,
				A8836E62E2890FCD055829B7 /* Pods */,
				17A0716DE4BB9D9F562FDA56 /* Frameworks */,
			);
			sourceTree = "<group>";
		};
		A05E24071C7B969B0079B4B8 /* Products */ = {
			isa = PBXGroup;
			children = (
				A05E24061C7B969B0079B4B8 /* CP6-Instagram(Parse).app */,
			);
			name = Products;
			sourceTree = "<group>";
		};
		A05E24081C7B969B0079B4B8 /* CP6-Instagram(Parse) */ = {
			isa = PBXGroup;
			children = (
				A05E24091C7B969B0079B4B8 /* AppDelegate.swift */,
				A08CBC8F1C7BA11D0058F57A /* LoginViewController.swift */,
				A0919EA51C7EC66C00796EFC /* ImagePickerViewController.swift */,
				A05E240D1C7B969B0079B4B8 /* Main.storyboard */,
				A0919EA11C7EC08400796EFC /* HomeViewController.swift */,
				A05E24101C7B969B0079B4B8 /* Assets.xcassets */,
				A05E24121C7B969B0079B4B8 /* LaunchScreen.storyboard */,
				A05E24151C7B969B0079B4B8 /* Info.plist */,
			);
			path = "CP6-Instagram(Parse)";
			sourceTree = "<group>";
		};
		A8836E62E2890FCD055829B7 /* Pods */ = {
			isa = PBXGroup;
			children = (
				C09B54CB52E3FD60BC85AB48 /* Pods-CP6-Instagram(Parse).debug.xcconfig */,
				F31DE5E21645646E02E1C9FE /* Pods-CP6-Instagram(Parse).release.xcconfig */,
			);
			name = Pods;
			sourceTree = "<group>";
		};
/* End PBXGroup section */

/* Begin PBXNativeTarget section */
		A05E24051C7B969B0079B4B8 /* CP6-Instagram(Parse) */ = {
			isa = PBXNativeTarget;
			buildConfigurationList = A05E24181C7B969B0079B4B8 /* Build configuration list for PBXNativeTarget "CP6-Instagram(Parse)" */;
			buildPhases = (
				F695C38AA670994B3D6E1E27 /* Check Pods Manifest.lock */,
				A05E24021C7B969B0079B4B8 /* Sources */,
				A05E24031C7B969B0079B4B8 /* Frameworks */,
				A05E24041C7B969B0079B4B8 /* Resources */,
				DC0DAC0B9237B15E66F197C4 /* Embed Pods Frameworks */,
				19BE1EE9D5DB17F69B1E1FE4 /* Copy Pods Resources */,
			);
			buildRules = (
			);
			dependencies = (
			);
			name = "CP6-Instagram(Parse)";
			productName = "CP6-Instagram(Parse)";
			productReference = A05E24061C7B969B0079B4B8 /* CP6-Instagram(Parse).app */;
			productType = "com.apple.product-type.application";
		};
/* End PBXNativeTarget section */

/* Begin PBXProject section */
		A05E23FE1C7B969B0079B4B8 /* Project object */ = {
			isa = PBXProject;
			attributes = {
				LastSwiftUpdateCheck = 0720;
				LastUpgradeCheck = 0720;
				ORGANIZATIONNAME = "Luis Liz";
				TargetAttributes = {
					A05E24051C7B969B0079B4B8 = {
						CreatedOnToolsVersion = 7.2;
						DevelopmentTeam = 65Z34Q8WH6;
					};
				};
			};
			buildConfigurationList = A05E24011C7B969B0079B4B8 /* Build configuration list for PBXProject "CP6-Instagram(Parse)" */;
			compatibilityVersion = "Xcode 3.2";
			developmentRegion = English;
			hasScannedForEncodings = 0;
			knownRegions = (
				en,
				Base,
			);
			mainGroup = A05E23FD1C7B969B0079B4B8;
			productRefGroup = A05E24071C7B969B0079B4B8 /* Products */;
			projectDirPath = "";
			projectRoot = "";
			targets = (
				A05E24051C7B969B0079B4B8 /* CP6-Instagram(Parse) */,
			);
		};
/* End PBXProject section */

/* Begin PBXResourcesBuildPhase section */
		A05E24041C7B969B0079B4B8 /* Resources */ = {
			isa = PBXResourcesBuildPhase;
			buildActionMask = 2147483647;
			files = (
				A05E24141C7B969B0079B4B8 /* LaunchScreen.storyboard in Resources */,
				A05E24111C7B969B0079B4B8 /* Assets.xcassets in Resources */,
				A05E240F1C7B969B0079B4B8 /* Main.storyboard in Resources */,
			);
			runOnlyForDeploymentPostprocessing = 0;
		};
/* End PBXResourcesBuildPhase section */

/* Begin PBXShellScriptBuildPhase section */
		19BE1EE9D5DB17F69B1E1FE4 /* Copy Pods Resources */ = {
			isa = PBXShellScriptBuildPhase;
			buildActionMask = 2147483647;
			files = (
			);
			inputPaths = (
			);
			name = "Copy Pods Resources";
			outputPaths = (
			);
			runOnlyForDeploymentPostprocessing = 0;
			shellPath = /bin/sh;
			shellScript = "\"${SRCROOT}/Pods/Target Support Files/Pods-CP6-Instagram(Parse)/Pods-CP6-Instagram(Parse)-resources.sh\"\n";
			showEnvVarsInLog = 0;
		};
		DC0DAC0B9237B15E66F197C4 /* Embed Pods Frameworks */ = {
			isa = PBXShellScriptBuildPhase;
			buildActionMask = 2147483647;
			files = (
			);
			inputPaths = (
			);
			name = "Embed Pods Frameworks";
			outputPaths = (
			);
			runOnlyForDeploymentPostprocessing = 0;
			shellPath = /bin/sh;
			shellScript = "\"${SRCROOT}/Pods/Target Support Files/Pods-CP6-Instagram(Parse)/Pods-CP6-Instagram(Parse)-frameworks.sh\"\n";
			showEnvVarsInLog = 0;
		};
		F695C38AA670994B3D6E1E27 /* Check Pods Manifest.lock */ = {
			isa = PBXShellScriptBuildPhase;
			buildActionMask = 2147483647;
			files = (
			);
			inputPaths = (
			);
			name = "Check Pods Manifest.lock";
			outputPaths = (
			);
			runOnlyForDeploymentPostprocessing = 0;
			shellPath = /bin/sh;
			shellScript = "diff \"${PODS_ROOT}/../Podfile.lock\" \"${PODS_ROOT}/Manifest.lock\" > /dev/null\nif [[ $? != 0 ]] ; then\n    cat << EOM\nerror: The sandbox is not in sync with the Podfile.lock. Run 'pod install' or update your CocoaPods installation.\nEOM\n    exit 1\nfi\n";
			showEnvVarsInLog = 0;
		};
/* End PBXShellScriptBuildPhase section */

/* Begin PBXSourcesBuildPhase section */
		A05E24021C7B969B0079B4B8 /* Sources */ = {
			isa = PBXSourcesBuildPhase;
			buildActionMask = 2147483647;
			files = (
				A08CBC901C7BA11D0058F57A /* LoginViewController.swift in Sources */,
				A05E240A1C7B969B0079B4B8 /* AppDelegate.swift in Sources */,
				A0919EA61C7EC66C00796EFC /* ImagePickerViewController.swift in Sources */,
				A0919EA21C7EC08400796EFC /* HomeViewController.swift in Sources */,
			);
			runOnlyForDeploymentPostprocessing = 0;
		};
/* End PBXSourcesBuildPhase section */

/* Begin PBXVariantGroup section */
		A05E240D1C7B969B0079B4B8 /* Main.storyboard */ = {
			isa = PBXVariantGroup;
			children = (
				A05E240E1C7B969B0079B4B8 /* Base */,
			);
			name = Main.storyboard;
			sourceTree = "<group>";
		};
		A05E24121C7B969B0079B4B8 /* LaunchScreen.storyboard */ = {
			isa = PBXVariantGroup;
			children = (
				A05E24131C7B969B0079B4B8 /* Base */,
			);
			name = LaunchScreen.storyboard;
			sourceTree = "<group>";
		};
/* End PBXVariantGroup section */

/* Begin XCBuildConfiguration section */
		A05E24161C7B969B0079B4B8 /* Debug */ = {
			isa = XCBuildConfiguration;
			buildSettings = {
				ALWAYS_SEARCH_USER_PATHS = NO;
				CLANG_CXX_LANGUAGE_STANDARD = "gnu++0x";
				CLANG_CXX_LIBRARY = "libc++";
				CLANG_ENABLE_MODULES = YES;
				CLANG_ENABLE_OBJC_ARC = YES;
				CLANG_WARN_BOOL_CONVERSION = YES;
				CLANG_WARN_CONSTANT_CONVERSION = YES;
				CLANG_WARN_DIRECT_OBJC_ISA_USAGE = YES_ERROR;
				CLANG_WARN_EMPTY_BODY = YES;
				CLANG_WARN_ENUM_CONVERSION = YES;
				CLANG_WARN_INT_CONVERSION = YES;
				CLANG_WARN_OBJC_ROOT_CLASS = YES_ERROR;
				CLANG_WARN_UNREACHABLE_CODE = YES;
				CLANG_WARN__DUPLICATE_METHOD_MATCH = YES;
				"CODE_SIGN_IDENTITY[sdk=iphoneos*]" = "iPhone Developer";
				COPY_PHASE_STRIP = NO;
				DEBUG_INFORMATION_FORMAT = dwarf;
				ENABLE_STRICT_OBJC_MSGSEND = YES;
				ENABLE_TESTABILITY = YES;
				GCC_C_LANGUAGE_STANDARD = gnu99;
				GCC_DYNAMIC_NO_PIC = NO;
				GCC_NO_COMMON_BLOCKS = YES;
				GCC_OPTIMIZATION_LEVEL = 0;
				GCC_PREPROCESSOR_DEFINITIONS = (
					"DEBUG=1",
					"$(inherited)",
				);
				GCC_WARN_64_TO_32_BIT_CONVERSION = YES;
				GCC_WARN_ABOUT_RETURN_TYPE = YES_ERROR;
				GCC_WARN_UNDECLARED_SELECTOR = YES;
				GCC_WARN_UNINITIALIZED_AUTOS = YES_AGGRESSIVE;
				GCC_WARN_UNUSED_FUNCTION = YES;
				GCC_WARN_UNUSED_VARIABLE = YES;
				IPHONEOS_DEPLOYMENT_TARGET = 9.2;
				MTL_ENABLE_DEBUG_INFO = YES;
				ONLY_ACTIVE_ARCH = YES;
				SDKROOT = iphoneos;
				SWIFT_OPTIMIZATION_LEVEL = "-Onone";
			};
			name = Debug;
		};
		A05E24171C7B969B0079B4B8 /* Release */ = {
			isa = XCBuildConfiguration;
			buildSettings = {
				ALWAYS_SEARCH_USER_PATHS = NO;
				CLANG_CXX_LANGUAGE_STANDARD = "gnu++0x";
				CLANG_CXX_LIBRARY = "libc++";
				CLANG_ENABLE_MODULES = YES;
				CLANG_ENABLE_OBJC_ARC = YES;
				CLANG_WARN_BOOL_CONVERSION = YES;
				CLANG_WARN_CONSTANT_CONVERSION = YES;
				CLANG_WARN_DIRECT_OBJC_ISA_USAGE = YES_ERROR;
				CLANG_WARN_EMPTY_BODY = YES;
				CLANG_WARN_ENUM_CONVERSION = YES;
				CLANG_WARN_INT_CONVERSION = YES;
				CLANG_WARN_OBJC_ROOT_CLASS = YES_ERROR;
				CLANG_WARN_UNREACHABLE_CODE = YES;
				CLANG_WARN__DUPLICATE_METHOD_MATCH = YES;
				"CODE_SIGN_IDENTITY[sdk=iphoneos*]" = "iPhone Developer";
				COPY_PHASE_STRIP = NO;
				DEBUG_INFORMATION_FORMAT = "dwarf-with-dsym";
				ENABLE_NS_ASSERTIONS = NO;
				ENABLE_STRICT_OBJC_MSGSEND = YES;
				GCC_C_LANGUAGE_STANDARD = gnu99;
				GCC_NO_COMMON_BLOCKS = YES;
				GCC_WARN_64_TO_32_BIT_CONVERSION = YES;
				GCC_WARN_ABOUT_RETURN_TYPE = YES_ERROR;
				GCC_WARN_UNDECLARED_SELECTOR = YES;
				GCC_WARN_UNINITIALIZED_AUTOS = YES_AGGRESSIVE;
				GCC_WARN_UNUSED_FUNCTION = YES;
				GCC_WARN_UNUSED_VARIABLE = YES;
				IPHONEOS_DEPLOYMENT_TARGET = 9.2;
				MTL_ENABLE_DEBUG_INFO = NO;
				SDKROOT = iphoneos;
				VALIDATE_PRODUCT = YES;
			};
			name = Release;
		};
		A05E24191C7B969B0079B4B8 /* Debug */ = {
			isa = XCBuildConfiguration;
			baseConfigurationReference = C09B54CB52E3FD60BC85AB48 /* Pods-CP6-Instagram(Parse).debug.xcconfig */;
			buildSettings = {
				ASSETCATALOG_COMPILER_APPICON_NAME = AppIcon;
				FRAMEWORK_SEARCH_PATHS = (
					"$(PROJECT_DIR)/**",
					"$(inherited)/**",
				);
				INFOPLIST_FILE = "CP6-Instagram(Parse)/Info.plist";
				LD_RUNPATH_SEARCH_PATHS = "$(inherited) @executable_path/Frameworks";
				PRODUCT_BUNDLE_IDENTIFIER = "home.CP6-Instagram-Parse-";
				PRODUCT_NAME = "$(TARGET_NAME)";
			};
			name = Debug;
		};
		A05E241A1C7B969B0079B4B8 /* Release */ = {
			isa = XCBuildConfiguration;
			baseConfigurationReference = F31DE5E21645646E02E1C9FE /* Pods-CP6-Instagram(Parse).release.xcconfig */;
			buildSettings = {
				ASSETCATALOG_COMPILER_APPICON_NAME = AppIcon;
				FRAMEWORK_SEARCH_PATHS = (
					"$(PROJECT_DIR)/**",
					"$(inherited)/**",
				);
				INFOPLIST_FILE = "CP6-Instagram(Parse)/Info.plist";
				LD_RUNPATH_SEARCH_PATHS = "$(inherited) @executable_path/Frameworks";
				PRODUCT_BUNDLE_IDENTIFIER = "home.CP6-Instagram-Parse-";
				PRODUCT_NAME = "$(TARGET_NAME)";
			};
			name = Release;
		};
/* End XCBuildConfiguration section */

/* Begin XCConfigurationList section */
		A05E24011C7B969B0079B4B8 /* Build configuration list for PBXProject "CP6-Instagram(Parse)" */ = {
			isa = XCConfigurationList;
			buildConfigurations = (
				A05E24161C7B969B0079B4B8 /* Debug */,
				A05E24171C7B969B0079B4B8 /* Release */,
			);
			defaultConfigurationIsVisible = 0;
			defaultConfigurationName = Release;
		};
		A05E24181C7B969B0079B4B8 /* Build configuration list for PBXNativeTarget "CP6-Instagram(Parse)" */ = {
			isa = XCConfigurationList;
			buildConfigurations = (
				A05E24191C7B969B0079B4B8 /* Debug */,
				A05E241A1C7B969B0079B4B8 /* Release */,
			);
			defaultConfigurationIsVisible = 0;
			defaultConfigurationName = Release;
		};
/* End XCConfigurationList section */
	};
	rootObject = A05E23FE1C7B969B0079B4B8 /* Project object */;
}
